// !$*UTF8*$!
{
	archiveVersion = 1;
	classes = {
	};
	objectVersion = 48;
	objects = {

/* Begin PBXBuildFile section */
		7A12B4D720C2AB3A002E5602 /* More.swift in Sources */ = {isa = PBXBuildFile; fileRef = 7A12B4D620C2AB3A002E5602 /* More.swift */; };
		7A22CF0820C2E5B20077A8FF /* Main.storyboard in Resources */ = {isa = PBXBuildFile; fileRef = 7A22CF0620C2E5B20077A8FF /* Main.storyboard */; };
		7ABBCA6120C29A5900FCA87C /* AppDelegate.swift in Sources */ = {isa = PBXBuildFile; fileRef = 7ABBCA6020C29A5900FCA87C /* AppDelegate.swift */; };
		7ABBCA6320C29A5900FCA87C /* Map.swift in Sources */ = {isa = PBXBuildFile; fileRef = 7ABBCA6220C29A5900FCA87C /* Map.swift */; };
		7ABBCA6520C29A5900FCA87C /* List.swift in Sources */ = {isa = PBXBuildFile; fileRef = 7ABBCA6420C29A5900FCA87C /* List.swift */; };
		7ABBCA6A20C29A5900FCA87C /* Assets.xcassets in Resources */ = {isa = PBXBuildFile; fileRef = 7ABBCA6920C29A5900FCA87C /* Assets.xcassets */; };
		7ABBCA6D20C29A5900FCA87C /* LaunchScreen.storyboard in Resources */ = {isa = PBXBuildFile; fileRef = 7ABBCA6B20C29A5900FCA87C /* LaunchScreen.storyboard */; };
/* End PBXBuildFile section */

/* Begin PBXFileReference section */
		7A12B4D620C2AB3A002E5602 /* More.swift */ = {isa = PBXFileReference; lastKnownFileType = sourcecode.swift; path = More.swift; sourceTree = "<group>"; };
		7A22CF0720C2E5B20077A8FF /* Base */ = {isa = PBXFileReference; lastKnownFileType = file.storyboard; name = Base; path = Base.lproj/Main.storyboard; sourceTree = "<group>"; };
		7ABBCA5D20C29A5900FCA87C /* Introduction to IOS.app */ = {isa = PBXFileReference; explicitFileType = wrapper.application; includeInIndex = 0; path = "Introduction to IOS.app"; sourceTree = BUILT_PRODUCTS_DIR; };
		7ABBCA6020C29A5900FCA87C /* AppDelegate.swift */ = {isa = PBXFileReference; lastKnownFileType = sourcecode.swift; path = AppDelegate.swift; sourceTree = "<group>"; };
		7ABBCA6220C29A5900FCA87C /* Map.swift */ = {isa = PBXFileReference; lastKnownFileType = sourcecode.swift; path = Map.swift; sourceTree = "<group>"; };
		7ABBCA6420C29A5900FCA87C /* List.swift */ = {isa = PBXFileReference; lastKnownFileType = sourcecode.swift; path = List.swift; sourceTree = "<group>"; };
		7ABBCA6920C29A5900FCA87C /* Assets.xcassets */ = {isa = PBXFileReference; lastKnownFileType = folder.assetcatalog; path = Assets.xcassets; sourceTree = "<group>"; };
		7ABBCA6C20C29A5900FCA87C /* Base */ = {isa = PBXFileReference; lastKnownFileType = file.storyboard; name = Base; path = Base.lproj/LaunchScreen.storyboard; sourceTree = "<group>"; };
		7ABBCA6E20C29A5900FCA87C /* Info.plist */ = {isa = PBXFileReference; lastKnownFileType = text.plist.xml; path = Info.plist; sourceTree = "<group>"; };
/* End PBXFileReference section */

/* Begin PBXFrameworksBuildPhase section */
		7ABBCA5A20C29A5900FCA87C /* Frameworks */ = {
			isa = PBXFrameworksBuildPhase;
			buildActionMask = 2147483647;
			files = (
			);
			runOnlyForDeploymentPostprocessing = 0;
		};
/* End PBXFrameworksBuildPhase section */

/* Begin PBXGroup section */
		7ABBCA5420C29A5900FCA87C = {
			isa = PBXGroup;
			children = (
				7ABBCA5F20C29A5900FCA87C /* Introduction to IOS */,
				7ABBCA5E20C29A5900FCA87C /* Products */,
			);
			sourceTree = "<group>";
		};
		7ABBCA5E20C29A5900FCA87C /* Products */ = {
			isa = PBXGroup;
			children = (
				7ABBCA5D20C29A5900FCA87C /* Introduction to IOS.app */,
			);
			name = Products;
			sourceTree = "<group>";
		};
		7ABBCA5F20C29A5900FCA87C /* Introduction to IOS */ = {
			isa = PBXGroup;
			children = (
				7ABBCA6020C29A5900FCA87C /* AppDelegate.swift */,
				7ABBCA6220C29A5900FCA87C /* Map.swift */,
				7ABBCA6420C29A5900FCA87C /* List.swift */,
				7A12B4D620C2AB3A002E5602 /* More.swift */,
				7A22CF0620C2E5B20077A8FF /* Main.storyboard */,
				7ABBCA6920C29A5900FCA87C /* Assets.xcassets */,
				7ABBCA6B20C29A5900FCA87C /* LaunchScreen.storyboard */,
				7ABBCA6E20C29A5900FCA87C /* Info.plist */,
			);
			path = "Introduction to IOS";
			sourceTree = "<group>";
		};
/* End PBXGroup section */

/* Begin PBXNativeTarget section */
		7ABBCA5C20C29A5900FCA87C /* Introduction to IOS */ = {
			isa = PBXNativeTarget;
			buildConfigurationList = 7ABBCA7120C29A5900FCA87C /* Build configuration list for PBXNativeTarget "Introduction to IOS" */;
			buildPhases = (
				7ABBCA5920C29A5900FCA87C /* Sources */,
				7ABBCA5A20C29A5900FCA87C /* Frameworks */,
				7ABBCA5B20C29A5900FCA87C /* Resources */,
			);
			buildRules = (
			);
			dependencies = (
			);
			name = "Introduction to IOS";
			productName = "Introduction to IOS";
			productReference = 7ABBCA5D20C29A5900FCA87C /* Introduction to IOS.app */;
			productType = "com.apple.product-type.application";
		};
/* End PBXNativeTarget section */

/* Begin PBXProject section */
		7ABBCA5520C29A5900FCA87C /* Project object */ = {
			isa = PBXProject;
			attributes = {
				LastSwiftUpdateCheck = 0920;
				LastUpgradeCheck = 0920;
				ORGANIZATIONNAME = Anton;
				TargetAttributes = {
					7ABBCA5C20C29A5900FCA87C = {
						CreatedOnToolsVersion = 9.2;
						ProvisioningStyle = Automatic;
					};
				};
			};
			buildConfigurationList = 7ABBCA5820C29A5900FCA87C /* Build configuration list for PBXProject "Introduction to IOS" */;
			compatibilityVersion = "Xcode 8.0";
			developmentRegion = en;
			hasScannedForEncodings = 0;
			knownRegions = (
				en,
				Base,
			);
			mainGroup = 7ABBCA5420C29A5900FCA87C;
			productRefGroup = 7ABBCA5E20C29A5900FCA87C /* Products */;
			projectDirPath = "";
			projectRoot = "";
			targets = (
				7ABBCA5C20C29A5900FCA87C /* Introduction to IOS */,
			);
		};
/* End PBXProject section */

/* Begin PBXResourcesBuildPhase section */
		7ABBCA5B20C29A5900FCA87C /* Resources */ = {
			isa = PBXResourcesBuildPhase;
			buildActionMask = 2147483647;
			files = (
				7A22CF0820C2E5B20077A8FF /* Main.storyboard in Resources */,
				7ABBCA6D20C29A5900FCA87C /* LaunchScreen.storyboard in Resources */,
				7ABBCA6A20C29A5900FCA87C /* Assets.xcassets in Resources */,
			);
			runOnlyForDeploymentPostprocessing = 0;
		};
/* End PBXResourcesBuildPhase section */

/* Begin PBXSourcesBuildPhase section */
		7ABBCA5920C29A5900FCA87C /* Sources */ = {
			isa = PBXSourcesBuildPhase;
			buildActionMask = 2147483647;
			files = (
				7ABBCA6520C29A5900FCA87C /* List.swift in Sources */,
				7ABBCA6120C29A5900FCA87C /* AppDelegate.swift in Sources */,
				7A12B4D720C2AB3A002E5602 /* More.swift in Sources */,
				7ABBCA6320C29A5900FCA87C /* Map.swift in Sources */,
			);
			runOnlyForDeploymentPostprocessing = 0;
		};
/* End PBXSourcesBuildPhase section */

/* Begin PBXVariantGroup section */
		7A22CF0620C2E5B20077A8FF /* Main.storyboard */ = {
			isa = PBXVariantGroup;
			children = (
				7A22CF0720C2E5B20077A8FF /* Base */,
			);
			name = Main.storyboard;
			sourceTree = "<group>";
		};
		7ABBCA6B20C29A5900FCA87C /* LaunchScreen.storyboard */ = {
			isa = PBXVariantGroup;
			children = (
				7ABBCA6C20C29A5900FCA87C /* Base */,
			);
			name = LaunchScreen.storyboard;
			sourceTree = "<group>";
		};
/* End PBXVariantGroup section */

/* Begin XCBuildConfiguration section */
		7ABBCA6F20C29A5900FCA87C /* Debug */ = {
			isa = XCBuildConfiguration;
			buildSettings = {
				ALWAYS_SEARCH_USER_PATHS = NO;
				CLANG_ANALYZER_NONNULL = YES;
				CLANG_ANALYZER_NUMBER_OBJECT_CONVERSION = YES_AGGRESSIVE;
				CLANG_CXX_LANGUAGE_STANDARD = "gnu++14";
				CLANG_CXX_LIBRARY = "libc++";
				CLANG_ENABLE_MODULES = YES;
				CLANG_ENABLE_OBJC_ARC = YES;
				CLANG_WARN_BLOCK_CAPTURE_AUTORELEASING = YES;
				CLANG_WARN_BOOL_CONVERSION = YES;
				CLANG_WARN_COMMA = YES;
				CLANG_WARN_CONSTANT_CONVERSION = YES;
				CLANG_WARN_DIRECT_OBJC_ISA_USAGE = YES_ERROR;
				CLANG_WARN_DOCUMENTATION_COMMENTS = YES;
				CLANG_WARN_EMPTY_BODY = YES;
				CLANG_WARN_ENUM_CONVERSION = YES;
				CLANG_WARN_INFINITE_RECURSION = YES;
				CLANG_WARN_INT_CONVERSION = YES;
				CLANG_WARN_NON_LITERAL_NULL_CONVERSION = YES;
				CLANG_WARN_OBJC_LITERAL_CONVERSION = YES;
				CLANG_WARN_OBJC_ROOT_CLASS = YES_ERROR;
				CLANG_WARN_RANGE_LOOP_ANALYSIS = YES;
				CLANG_WARN_STRICT_PROTOTYPES = YES;
				CLANG_WARN_SUSPICIOUS_MOVE = YES;
				CLANG_WARN_UNGUARDED_AVAILABILITY = YES_AGGRESSIVE;
				CLANG_WARN_UNREACHABLE_CODE = YES;
				CLANG_WARN__DUPLICATE_METHOD_MATCH = YES;
				CODE_SIGN_IDENTITY = "iPhone Developer";
				COPY_PHASE_STRIP = NO;
				DEBUG_INFORMATION_FORMAT = dwarf;
				ENABLE_STRICT_OBJC_MSGSEND = YES;
				ENABLE_TESTABILITY = YES;
				GCC_C_LANGUAGE_STANDARD = gnu11;
				GCC_DYNAMIC_NO_PIC = NO;
				GCC_NO_COMMON_BLOCKS = YES;
				GCC_OPTIMIZATION_LEVEL = 0;
				GCC_PREPROCESSOR_DEFINITIONS = (
					"DEBUG=1",
					"$(inherited)",
				);
				GCC_WARN_64_TO_32_BIT_CONVERSION = YES;
				GCC_WARN_ABOUT_RETURN_TYPE = YES_ERROR;
				GCC_WARN_UNDECLARED_SELECTOR = YES;
				GCC_WARN_UNINITIALIZED_AUTOS = YES_AGGRESSIVE;
				GCC_WARN_UNUSED_FUNCTION = YES;
				GCC_WARN_UNUSED_VARIABLE = YES;
				IPHONEOS_DEPLOYMENT_TARGET = 11.2;
				MTL_ENABLE_DEBUG_INFO = YES;
				ONLY_ACTIVE_ARCH = YES;
				SDKROOT = iphoneos;
				SWIFT_ACTIVE_COMPILATION_CONDITIONS = DEBUG;
				SWIFT_OPTIMIZATION_LEVEL = "-Onone";
			};
			name = Debug;
		};
		7ABBCA7020C29A5900FCA87C /* Release */ = {
			isa = XCBuildConfiguration;
			buildSettings = {
				ALWAYS_SEARCH_USER_PATHS = NO;
				CLANG_ANALYZER_NONNULL = YES;
				CLANG_ANALYZER_NUMBER_OBJECT_CONVERSION = YES_AGGRESSIVE;
				CLANG_CXX_LANGUAGE_STANDARD = "gnu++14";
				CLANG_CXX_LIBRARY = "libc++";
				CLANG_ENABLE_MODULES = YES;
				CLANG_ENABLE_OBJC_ARC = YES;
				CLANG_WARN_BLOCK_CAPTURE_AUTORELEASING = YES;
				CLANG_WARN_BOOL_CONVERSION = YES;
				CLANG_WARN_COMMA = YES;
				CLANG_WARN_CONSTANT_CONVERSION = YES;
				CLANG_WARN_DIRECT_OBJC_ISA_USAGE = YES_ERROR;
				CLANG_WARN_DOCUMENTATION_COMMENTS = YES;
				CLANG_WARN_EMPTY_BODY = YES;
				CLANG_WARN_ENUM_CONVERSION = YES;
				CLANG_WARN_INFINITE_RECURSION = YES;
				CLANG_WARN_INT_CONVERSION = YES;
				CLANG_WARN_NON_LITERAL_NULL_CONVERSION = YES;
				CLANG_WARN_OBJC_LITERAL_CONVERSION = YES;
				CLANG_WARN_OBJC_ROOT_CLASS = YES_ERROR;
				CLANG_WARN_RANGE_LOOP_ANALYSIS = YES;
				CLANG_WARN_STRICT_PROTOTYPES = YES;
				CLANG_WARN_SUSPICIOUS_MOVE = YES;
				CLANG_WARN_UNGUARDED_AVAILABILITY = YES_AGGRESSIVE;
				CLANG_WARN_UNREACHABLE_CODE = YES;
				CLANG_WARN__DUPLICATE_METHOD_MATCH = YES;
				CODE_SIGN_IDENTITY = "iPhone Developer";
				COPY_PHASE_STRIP = NO;
				DEBUG_INFORMATION_FORMAT = "dwarf-with-dsym";
				ENABLE_NS_ASSERTIONS = NO;
				ENABLE_STRICT_OBJC_MSGSEND = YES;
				GCC_C_LANGUAGE_STANDARD = gnu11;
				GCC_NO_COMMON_BLOCKS = YES;
				GCC_WARN_64_TO_32_BIT_CONVERSION = YES;
				GCC_WARN_ABOUT_RETURN_TYPE = YES_ERROR;
				GCC_WARN_UNDECLARED_SELECTOR = YES;
				GCC_WARN_UNINITIALIZED_AUTOS = YES_AGGRESSIVE;
				GCC_WARN_UNUSED_FUNCTION = YES;
				GCC_WARN_UNUSED_VARIABLE = YES;
				IPHONEOS_DEPLOYMENT_TARGET = 11.2;
				MTL_ENABLE_DEBUG_INFO = NO;
				SDKROOT = iphoneos;
				SWIFT_OPTIMIZATION_LEVEL = "-Owholemodule";
				VALIDATE_PRODUCT = YES;
			};
			name = Release;
		};
		7ABBCA7220C29A5900FCA87C /* Debug */ = {
			isa = XCBuildConfiguration;
			buildSettings = {
				ASSETCATALOG_COMPILER_APPICON_NAME = AppIcon;
				CODE_SIGN_STYLE = Automatic;
				INFOPLIST_FILE = "Introduction to IOS/Info.plist";
				LD_RUNPATH_SEARCH_PATHS = "$(inherited) @executable_path/Frameworks";
				PRODUCT_BUNDLE_IDENTIFIER = "anton.Introduction-to-IOS";
				PRODUCT_NAME = "$(TARGET_NAME)";
				SWIFT_VERSION = 4.0;
				TARGETED_DEVICE_FAMILY = "1,2";
			};
			name = Debug;
		};
		7ABBCA7320C29A5900FCA87C /* Release */ = {
			isa = XCBuildConfiguration;
			buildSettings = {
				ASSETCATALOG_COMPILER_APPICON_NAME = AppIcon;
				CODE_SIGN_STYLE = Automatic;
				INFOPLIST_FILE = "Introduction to IOS/Info.plist";
				LD_RUNPATH_SEARCH_PATHS = "$(inherited) @executable_path/Frameworks";
				PRODUCT_BUNDLE_IDENTIFIER = "anton.Introduction-to-IOS";
				PRODUCT_NAME = "$(TARGET_NAME)";
				SWIFT_VERSION = 4.0;
				TARGETED_DEVICE_FAMILY = "1,2";
			};
			name = Release;
		};
/* End XCBuildConfiguration section */

/* Begin XCConfigurationList section */
		7ABBCA5820C29A5900FCA87C /* Build configuration list for PBXProject "Introduction to IOS" */ = {
			isa = XCConfigurationList;
			buildConfigurations = (
				7ABBCA6F20C29A5900FCA87C /* Debug */,
				7ABBCA7020C29A5900FCA87C /* Release */,
			);
			defaultConfigurationIsVisible = 0;
			defaultConfigurationName = Release;
		};
		7ABBCA7120C29A5900FCA87C /* Build configuration list for PBXNativeTarget "Introduction to IOS" */ = {
			isa = XCConfigurationList;
			buildConfigurations = (
				7ABBCA7220C29A5900FCA87C /* Debug */,
				7ABBCA7320C29A5900FCA87C /* Release */,
			);
			defaultConfigurationIsVisible = 0;
			defaultConfigurationName = Release;
		};
/* End XCConfigurationList section */
	};
	rootObject = 7ABBCA5520C29A5900FCA87C /* Project object */;
}
